
Microsoft Visual Studio Solution File, Format Version 12.00
# Visual Studio Version 16
VisualStudioVersion = 16.0.32106.194
MinimumVisualStudioVersion = 10.0.40219.1
Project("{9A19103F-16F7-4668-BE54-9A1E7A4F7556}") = "CrabadaFilter", "CrabadaFilter\CrabadaFilter.csproj", "{7F0BDE51-BC33-4762-A703-9CB3BDBC14C4}"
EndProject
Project("{FAE04EC0-301F-11D3-BF4B-00C04F79EFBC}") = "Crabada.Web", "Crabada.Web\Crabada.Web.csproj", "{38229742-1E6F-4BE4-8FA8-A410655C2694}"
EndProject
Global
	GlobalSection(SolutionConfigurationPlatforms) = preSolution
		Debug|Any CPU = Debug|Any CPU
		Release|Any CPU = Release|Any CPU
	EndGlobalSection
	GlobalSection(ProjectConfigurationPlatforms) = postSolution
		{7F0BDE51-BC33-4762-A703-9CB3BDBC14C4}.Debug|Any CPU.ActiveCfg = Debug|Any CPU
		{7F0BDE51-BC33-4762-A703-9CB3BDBC14C4}.Debug|Any CPU.Build.0 = Debug|Any CPU
		{7F0BDE51-BC33-4762-A703-9CB3BDBC14C4}.Release|Any CPU.ActiveCfg = Release|Any CPU
		{7F0BDE51-BC33-4762-A703-9CB3BDBC14C4}.Release|Any CPU.Build.0 = Release|Any CPU
		{38229742-1E6F-4BE4-8FA8-A410655C2694}.Debug|Any CPU.ActiveCfg = Debug|Any CPU
		{38229742-1E6F-4BE4-8FA8-A410655C2694}.Debug|Any CPU.Build.0 = Debug|Any CPU
		{38229742-1E6F-4BE4-8FA8-A410655C2694}.Release|Any CPU.ActiveCfg = Release|Any CPU
		{38229742-1E6F-4BE4-8FA8-A410655C2694}.Release|Any CPU.Build.0 = Release|Any CPU
	EndGlobalSection
	GlobalSection(SolutionProperties) = preSolution
		HideSolutionNode = FALSE
	EndGlobalSection
	GlobalSection(ExtensibilityGlobals) = postSolution
		SolutionGuid = {FE2893A2-EC8C-414E-B5F7-E498D65F263B}
	EndGlobalSection
EndGlobal
